// !$*UTF8*$!
{
	archiveVersion = 1;
	classes = {
	};
	objectVersion = 46;
	objects = {

/* Begin PBXBuildFile section */
		CC636B451B6C800B00293C45 /* main.m in Sources */ = {isa = PBXBuildFile; fileRef = CC636B441B6C800B00293C45 /* main.m */; };
		CC636B481B6C800B00293C45 /* AppDelegate.m in Sources */ = {isa = PBXBuildFile; fileRef = CC636B471B6C800B00293C45 /* AppDelegate.m */; };
		CC636B4B1B6C800B00293C45 /* RouteZ2.xcdatamodeld in Sources */ = {isa = PBXBuildFile; fileRef = CC636B491B6C800B00293C45 /* RouteZ2.xcdatamodeld */; };
		CC636B4E1B6C800B00293C45 /* ViewController.m in Sources */ = {isa = PBXBuildFile; fileRef = CC636B4D1B6C800B00293C45 /* ViewController.m */; };
		CC636B511B6C800B00293C45 /* Main.storyboard in Resources */ = {isa = PBXBuildFile; fileRef = CC636B4F1B6C800B00293C45 /* Main.storyboard */; };
		CC636B531B6C800B00293C45 /* Images.xcassets in Resources */ = {isa = PBXBuildFile; fileRef = CC636B521B6C800B00293C45 /* Images.xcassets */; };
		CC636B561B6C800B00293C45 /* LaunchScreen.xib in Resources */ = {isa = PBXBuildFile; fileRef = CC636B541B6C800B00293C45 /* LaunchScreen.xib */; };
		CC636B621B6C800B00293C45 /* RouteZ2Tests.m in Sources */ = {isa = PBXBuildFile; fileRef = CC636B611B6C800B00293C45 /* RouteZ2Tests.m */; };
		CC636B6D1B6C87B500293C45 /* MainViewController.m in Sources */ = {isa = PBXBuildFile; fileRef = CC636B6C1B6C87B500293C45 /* MainViewController.m */; };
		CC8DF2351B6C970800A90BD7 /* TodaysRouteCellTableViewCell.m in Sources */ = {isa = PBXBuildFile; fileRef = CC8DF2341B6C970800A90BD7 /* TodaysRouteCellTableViewCell.m */; };
		CC8DF2381B6C977E00A90BD7 /* TodaysRouteViewController.m in Sources */ = {isa = PBXBuildFile; fileRef = CC8DF2371B6C977E00A90BD7 /* TodaysRouteViewController.m */; };
		CC8DF23B1B6D01E500A90BD7 /* TodaysRouteDataSource.m in Sources */ = {isa = PBXBuildFile; fileRef = CC8DF23A1B6D01E500A90BD7 /* TodaysRouteDataSource.m */; };
		CC8DF23E1B6D101C00A90BD7 /* CustomerDataSource.m in Sources */ = {isa = PBXBuildFile; fileRef = CC8DF23D1B6D101C00A90BD7 /* CustomerDataSource.m */; };
		CC8DF2411B6D103E00A90BD7 /* CustomerViewController.m in Sources */ = {isa = PBXBuildFile; fileRef = CC8DF2401B6D103E00A90BD7 /* CustomerViewController.m */; };
		CC8DF2441B6D106600A90BD7 /* CustomerTableViewCell.m in Sources */ = {isa = PBXBuildFile; fileRef = CC8DF2431B6D106600A90BD7 /* CustomerTableViewCell.m */; };
		CCC05DE51B74535900973D78 /* AppIcon.appiconset in Resources */ = {isa = PBXBuildFile; fileRef = CCC05DE41B74535900973D78 /* AppIcon.appiconset */; };
		CCC05DF11B76640800973D78 /* LoginViewController.m in Sources */ = {isa = PBXBuildFile; fileRef = CCC05DF01B76640800973D78 /* LoginViewController.m */; };
		CCC05DF41B76708600973D78 /* AddAppointmentViewController.m in Sources */ = {isa = PBXBuildFile; fileRef = CCC05DF31B76708600973D78 /* AddAppointmentViewController.m */; };
		CCC05E181B76B30700973D78 /* AddCustomerTableViewCell.m in Sources */ = {isa = PBXBuildFile; fileRef = CCC05E171B76B30700973D78 /* AddCustomerTableViewCell.m */; };
		CCC05E1B1B76BBA500973D78 /* CustomerSelectedTableViewCell.m in Sources */ = {isa = PBXBuildFile; fileRef = CCC05E1A1B76BBA500973D78 /* CustomerSelectedTableViewCell.m */; };
		CCC05E1E1B76BBC400973D78 /* CustomerSelectedDataSource.m in Sources */ = {isa = PBXBuildFile; fileRef = CCC05E1D1B76BBC400973D78 /* CustomerSelectedDataSource.m */; };
		CCC05E221B76C17100973D78 /* AddAppointmentTableViewCell.m in Sources */ = {isa = PBXBuildFile; fileRef = CCC05E211B76C17100973D78 /* AddAppointmentTableViewCell.m */; };
		CCC05E2B1B76C50500973D78 /* HistoryTableViewCell.m in Sources */ = {isa = PBXBuildFile; fileRef = CCC05E2A1B76C50500973D78 /* HistoryTableViewCell.m */; };
		CCC05E2F1B76C53100973D78 /* NextAppointmentTableViewCell.m in Sources */ = {isa = PBXBuildFile; fileRef = CCC05E2E1B76C53100973D78 /* NextAppointmentTableViewCell.m */; };
		CCCAD35D1B6F1C8A00161ACD /* AddCustomerViewController.m in Sources */ = {isa = PBXBuildFile; fileRef = CCCAD35C1B6F1C8A00161ACD /* AddCustomerViewController.m */; };
		CCCAD3601B6F1CC500161ACD /* CustomerSelectedViewController.m in Sources */ = {isa = PBXBuildFile; fileRef = CCCAD35F1B6F1CC500161ACD /* CustomerSelectedViewController.m */; };
		CCCAD39D1B6FD42700161ACD /* MapKit.framework in Frameworks */ = {isa = PBXBuildFile; fileRef = CCCAD39C1B6FD42700161ACD /* MapKit.framework */; };
		CCCAD3A01B6FD64D00161ACD /* MapViewViewController.m in Sources */ = {isa = PBXBuildFile; fileRef = CCCAD39F1B6FD64D00161ACD /* MapViewViewController.m */; };
		CCCAD3A61B6FF40600161ACD /* SettingsViewController.m in Sources */ = {isa = PBXBuildFile; fileRef = CCCAD3A51B6FF40600161ACD /* SettingsViewController.m */; };
		CCCAD3A91B6FF42600161ACD /* SettingsDataSource.m in Sources */ = {isa = PBXBuildFile; fileRef = CCCAD3A81B6FF42600161ACD /* SettingsDataSource.m */; };
		CCCAD3E81B703EF500161ACD /* CalendarViewController.m in Sources */ = {isa = PBXBuildFile; fileRef = CCCAD3E71B703EF500161ACD /* CalendarViewController.m */; };
		CCCAD3EA1B707E9400161ACD /* CoreLocation.framework in Frameworks */ = {isa = PBXBuildFile; fileRef = CCCAD3E91B707E9400161ACD /* CoreLocation.framework */; };
		CCCAD3F01B717F5100161ACD /* AddCustomerDataSource.m in Sources */ = {isa = PBXBuildFile; fileRef = CCCAD3EF1B717F5100161ACD /* AddCustomerDataSource.m */; };
		CCCAD4311B7414AA00161ACD /* Parse.framework in Frameworks */ = {isa = PBXBuildFile; fileRef = CCCAD4301B7414AA00161ACD /* Parse.framework */; };
		CCCAD4331B7414B700161ACD /* Bolts.framework in Frameworks */ = {isa = PBXBuildFile; fileRef = CCCAD4321B7414B700161ACD /* Bolts.framework */; };
		CCCAD4351B74152C00161ACD /* AudioToolbox.framework in Frameworks */ = {isa = PBXBuildFile; fileRef = CCCAD4341B74152C00161ACD /* AudioToolbox.framework */; };
		CCCAD4371B74153300161ACD /* CFNetwork.framework in Frameworks */ = {isa = PBXBuildFile; fileRef = CCCAD4361B74153300161ACD /* CFNetwork.framework */; };
		CCCAD4391B74153C00161ACD /* CoreGraphics.framework in Frameworks */ = {isa = PBXBuildFile; fileRef = CCCAD4381B74153C00161ACD /* CoreGraphics.framework */; };
		CCCAD43B1B74155200161ACD /* QuartzCore.framework in Frameworks */ = {isa = PBXBuildFile; fileRef = CCCAD43A1B74155200161ACD /* QuartzCore.framework */; };
		CCCAD43D1B74155A00161ACD /* Security.framework in Frameworks */ = {isa = PBXBuildFile; fileRef = CCCAD43C1B74155A00161ACD /* Security.framework */; };
		CCCAD43F1B74156600161ACD /* SystemConfiguration.framework in Frameworks */ = {isa = PBXBuildFile; fileRef = CCCAD43E1B74156600161ACD /* SystemConfiguration.framework */; };
		CCCAD4411B74157900161ACD /* libz.dylib in Frameworks */ = {isa = PBXBuildFile; fileRef = CCCAD4401B74157900161ACD /* libz.dylib */; };
		CCCAD4431B74158700161ACD /* libsqlite3.dylib in Frameworks */ = {isa = PBXBuildFile; fileRef = CCCAD4421B74158700161ACD /* libsqlite3.dylib */; };
		CCCAD4451B7415B800161ACD /* Accounts.framework in Frameworks */ = {isa = PBXBuildFile; fileRef = CCCAD4441B7415B800161ACD /* Accounts.framework */; };
		CCCAD4471B7415C200161ACD /* Social.framework in Frameworks */ = {isa = PBXBuildFile; fileRef = CCCAD4461B7415C200161ACD /* Social.framework */; };
		DFB182A1128711E37CBD83A7 /* libPods-RouteZ2.a in Frameworks */ = {isa = PBXBuildFile; fileRef = DC8685BE5B18D1312FCB3A6C /* libPods-RouteZ2.a */; };
/* End PBXBuildFile section */

/* Begin PBXContainerItemProxy section */
		CC636B5C1B6C800B00293C45 /* PBXContainerItemProxy */ = {
			isa = PBXContainerItemProxy;
			containerPortal = CC636B371B6C800B00293C45 /* Project object */;
			proxyType = 1;
			remoteGlobalIDString = CC636B3E1B6C800B00293C45;
			remoteInfo = RouteZ2;
		};
/* End PBXContainerItemProxy section */

/* Begin PBXFileReference section */
		577BCBC518DD995CF4F43714 /* Pods-RouteZ2.debug.xcconfig */ = {isa = PBXFileReference; includeInIndex = 1; lastKnownFileType = text.xcconfig; name = "Pods-RouteZ2.debug.xcconfig"; path = "Pods/Target Support Files/Pods-RouteZ2/Pods-RouteZ2.debug.xcconfig"; sourceTree = "<group>"; };
		C458A4F93DC3890F15998225 /* Pods-RouteZ2.release.xcconfig */ = {isa = PBXFileReference; includeInIndex = 1; lastKnownFileType = text.xcconfig; name = "Pods-RouteZ2.release.xcconfig"; path = "Pods/Target Support Files/Pods-RouteZ2/Pods-RouteZ2.release.xcconfig"; sourceTree = "<group>"; };
		CC636B3F1B6C800B00293C45 /* RouteZ2.app */ = {isa = PBXFileReference; explicitFileType = wrapper.application; includeInIndex = 0; path = RouteZ2.app; sourceTree = BUILT_PRODUCTS_DIR; };
		CC636B431B6C800B00293C45 /* Info.plist */ = {isa = PBXFileReference; lastKnownFileType = text.plist.xml; path = Info.plist; sourceTree = "<group>"; };
		CC636B441B6C800B00293C45 /* main.m */ = {isa = PBXFileReference; lastKnownFileType = sourcecode.c.objc; path = main.m; sourceTree = "<group>"; };
		CC636B461B6C800B00293C45 /* AppDelegate.h */ = {isa = PBXFileReference; lastKnownFileType = sourcecode.c.h; path = AppDelegate.h; sourceTree = "<group>"; };
		CC636B471B6C800B00293C45 /* AppDelegate.m */ = {isa = PBXFileReference; lastKnownFileType = sourcecode.c.objc; path = AppDelegate.m; sourceTree = "<group>"; };
		CC636B4A1B6C800B00293C45 /* RouteZ2.xcdatamodel */ = {isa = PBXFileReference; lastKnownFileType = wrapper.xcdatamodel; path = RouteZ2.xcdatamodel; sourceTree = "<group>"; };
		CC636B4C1B6C800B00293C45 /* ViewController.h */ = {isa = PBXFileReference; lastKnownFileType = sourcecode.c.h; path = ViewController.h; sourceTree = "<group>"; };
		CC636B4D1B6C800B00293C45 /* ViewController.m */ = {isa = PBXFileReference; lastKnownFileType = sourcecode.c.objc; path = ViewController.m; sourceTree = "<group>"; };
		CC636B501B6C800B00293C45 /* Base */ = {isa = PBXFileReference; lastKnownFileType = file.storyboard; name = Base; path = Base.lproj/Main.storyboard; sourceTree = "<group>"; };
		CC636B521B6C800B00293C45 /* Images.xcassets */ = {isa = PBXFileReference; lastKnownFileType = folder.assetcatalog; path = Images.xcassets; sourceTree = "<group>"; };
		CC636B551B6C800B00293C45 /* Base */ = {isa = PBXFileReference; lastKnownFileType = file.xib; name = Base; path = Base.lproj/LaunchScreen.xib; sourceTree = "<group>"; };
		CC636B5B1B6C800B00293C45 /* RouteZ2Tests.xctest */ = {isa = PBXFileReference; explicitFileType = wrapper.cfbundle; includeInIndex = 0; path = RouteZ2Tests.xctest; sourceTree = BUILT_PRODUCTS_DIR; };
		CC636B601B6C800B00293C45 /* Info.plist */ = {isa = PBXFileReference; lastKnownFileType = text.plist.xml; path = Info.plist; sourceTree = "<group>"; };
		CC636B611B6C800B00293C45 /* RouteZ2Tests.m */ = {isa = PBXFileReference; lastKnownFileType = sourcecode.c.objc; path = RouteZ2Tests.m; sourceTree = "<group>"; };
		CC636B6B1B6C87B500293C45 /* MainViewController.h */ = {isa = PBXFileReference; fileEncoding = 4; lastKnownFileType = sourcecode.c.h; path = MainViewController.h; sourceTree = "<group>"; };
		CC636B6C1B6C87B500293C45 /* MainViewController.m */ = {isa = PBXFileReference; fileEncoding = 4; lastKnownFileType = sourcecode.c.objc; path = MainViewController.m; sourceTree = "<group>"; };
		CC8DF2331B6C970800A90BD7 /* TodaysRouteCellTableViewCell.h */ = {isa = PBXFileReference; fileEncoding = 4; lastKnownFileType = sourcecode.c.h; path = TodaysRouteCellTableViewCell.h; sourceTree = "<group>"; };
		CC8DF2341B6C970800A90BD7 /* TodaysRouteCellTableViewCell.m */ = {isa = PBXFileReference; fileEncoding = 4; lastKnownFileType = sourcecode.c.objc; path = TodaysRouteCellTableViewCell.m; sourceTree = "<group>"; };
		CC8DF2361B6C977E00A90BD7 /* TodaysRouteViewController.h */ = {isa = PBXFileReference; fileEncoding = 4; lastKnownFileType = sourcecode.c.h; path = TodaysRouteViewController.h; sourceTree = "<group>"; };
		CC8DF2371B6C977E00A90BD7 /* TodaysRouteViewController.m */ = {isa = PBXFileReference; fileEncoding = 4; lastKnownFileType = sourcecode.c.objc; path = TodaysRouteViewController.m; sourceTree = "<group>"; };
		CC8DF2391B6D01E500A90BD7 /* TodaysRouteDataSource.h */ = {isa = PBXFileReference; fileEncoding = 4; lastKnownFileType = sourcecode.c.h; path = TodaysRouteDataSource.h; sourceTree = "<group>"; };
		CC8DF23A1B6D01E500A90BD7 /* TodaysRouteDataSource.m */ = {isa = PBXFileReference; fileEncoding = 4; lastKnownFileType = sourcecode.c.objc; path = TodaysRouteDataSource.m; sourceTree = "<group>"; };
		CC8DF23C1B6D101C00A90BD7 /* CustomerDataSource.h */ = {isa = PBXFileReference; fileEncoding = 4; lastKnownFileType = sourcecode.c.h; path = CustomerDataSource.h; sourceTree = "<group>"; };
		CC8DF23D1B6D101C00A90BD7 /* CustomerDataSource.m */ = {isa = PBXFileReference; fileEncoding = 4; lastKnownFileType = sourcecode.c.objc; path = CustomerDataSource.m; sourceTree = "<group>"; };
		CC8DF23F1B6D103E00A90BD7 /* CustomerViewController.h */ = {isa = PBXFileReference; fileEncoding = 4; lastKnownFileType = sourcecode.c.h; path = CustomerViewController.h; sourceTree = "<group>"; };
		CC8DF2401B6D103E00A90BD7 /* CustomerViewController.m */ = {isa = PBXFileReference; fileEncoding = 4; lastKnownFileType = sourcecode.c.objc; path = CustomerViewController.m; sourceTree = "<group>"; };
		CC8DF2421B6D106600A90BD7 /* CustomerTableViewCell.h */ = {isa = PBXFileReference; fileEncoding = 4; lastKnownFileType = sourcecode.c.h; path = CustomerTableViewCell.h; sourceTree = "<group>"; };
		CC8DF2431B6D106600A90BD7 /* CustomerTableViewCell.m */ = {isa = PBXFileReference; fileEncoding = 4; lastKnownFileType = sourcecode.c.objc; path = CustomerTableViewCell.m; sourceTree = "<group>"; };
		CCC05DE41B74535900973D78 /* AppIcon.appiconset */ = {isa = PBXFileReference; lastKnownFileType = folder; path = AppIcon.appiconset; sourceTree = "<group>"; };
		CCC05DEF1B76640800973D78 /* LoginViewController.h */ = {isa = PBXFileReference; fileEncoding = 4; lastKnownFileType = sourcecode.c.h; path = LoginViewController.h; sourceTree = "<group>"; };
		CCC05DF01B76640800973D78 /* LoginViewController.m */ = {isa = PBXFileReference; fileEncoding = 4; lastKnownFileType = sourcecode.c.objc; path = LoginViewController.m; sourceTree = "<group>"; };
		CCC05DF21B76708600973D78 /* AddAppointmentViewController.h */ = {isa = PBXFileReference; fileEncoding = 4; lastKnownFileType = sourcecode.c.h; path = AddAppointmentViewController.h; sourceTree = "<group>"; };
		CCC05DF31B76708600973D78 /* AddAppointmentViewController.m */ = {isa = PBXFileReference; fileEncoding = 4; lastKnownFileType = sourcecode.c.objc; path = AddAppointmentViewController.m; sourceTree = "<group>"; };
		CCC05E161B76B30700973D78 /* AddCustomerTableViewCell.h */ = {isa = PBXFileReference; fileEncoding = 4; lastKnownFileType = sourcecode.c.h; path = AddCustomerTableViewCell.h; sourceTree = "<group>"; };
		CCC05E171B76B30700973D78 /* AddCustomerTableViewCell.m */ = {isa = PBXFileReference; fileEncoding = 4; lastKnownFileType = sourcecode.c.objc; path = AddCustomerTableViewCell.m; sourceTree = "<group>"; };
		CCC05E191B76BBA500973D78 /* CustomerSelectedTableViewCell.h */ = {isa = PBXFileReference; fileEncoding = 4; lastKnownFileType = sourcecode.c.h; path = CustomerSelectedTableViewCell.h; sourceTree = "<group>"; };
		CCC05E1A1B76BBA500973D78 /* CustomerSelectedTableViewCell.m */ = {isa = PBXFileReference; fileEncoding = 4; lastKnownFileType = sourcecode.c.objc; path = CustomerSelectedTableViewCell.m; sourceTree = "<group>"; };
		CCC05E1C1B76BBC400973D78 /* CustomerSelectedDataSource.h */ = {isa = PBXFileReference; fileEncoding = 4; lastKnownFileType = sourcecode.c.h; path = CustomerSelectedDataSource.h; sourceTree = "<group>"; };
		CCC05E1D1B76BBC400973D78 /* CustomerSelectedDataSource.m */ = {isa = PBXFileReference; fileEncoding = 4; lastKnownFileType = sourcecode.c.objc; path = CustomerSelectedDataSource.m; sourceTree = "<group>"; };
		CCC05E201B76C17100973D78 /* AddAppointmentTableViewCell.h */ = {isa = PBXFileReference; fileEncoding = 4; lastKnownFileType = sourcecode.c.h; path = AddAppointmentTableViewCell.h; sourceTree = "<group>"; };
		CCC05E211B76C17100973D78 /* AddAppointmentTableViewCell.m */ = {isa = PBXFileReference; fileEncoding = 4; lastKnownFileType = sourcecode.c.objc; path = AddAppointmentTableViewCell.m; sourceTree = "<group>"; };
		CCC05E2A1B76C50500973D78 /* HistoryTableViewCell.m */ = {isa = PBXFileReference; fileEncoding = 4; lastKnownFileType = sourcecode.c.objc; path = HistoryTableViewCell.m; sourceTree = "<group>"; };
		CCC05E2C1B76C50C00973D78 /* HistoryTableViewCell.h */ = {isa = PBXFileReference; lastKnownFileType = sourcecode.c.h; path = HistoryTableViewCell.h; sourceTree = "<group>"; };
		CCC05E2D1B76C53100973D78 /* NextAppointmentTableViewCell.h */ = {isa = PBXFileReference; fileEncoding = 4; lastKnownFileType = sourcecode.c.h; path = NextAppointmentTableViewCell.h; sourceTree = "<group>"; };
		CCC05E2E1B76C53100973D78 /* NextAppointmentTableViewCell.m */ = {isa = PBXFileReference; fileEncoding = 4; lastKnownFileType = sourcecode.c.objc; path = NextAppointmentTableViewCell.m; sourceTree = "<group>"; };
		CCCAD35B1B6F1C8A00161ACD /* AddCustomerViewController.h */ = {isa = PBXFileReference; fileEncoding = 4; lastKnownFileType = sourcecode.c.h; path = AddCustomerViewController.h; sourceTree = "<group>"; };
		CCCAD35C1B6F1C8A00161ACD /* AddCustomerViewController.m */ = {isa = PBXFileReference; fileEncoding = 4; lastKnownFileType = sourcecode.c.objc; path = AddCustomerViewController.m; sourceTree = "<group>"; };
		CCCAD35E1B6F1CC500161ACD /* CustomerSelectedViewController.h */ = {isa = PBXFileReference; fileEncoding = 4; lastKnownFileType = sourcecode.c.h; path = CustomerSelectedViewController.h; sourceTree = "<group>"; };
		CCCAD35F1B6F1CC500161ACD /* CustomerSelectedViewController.m */ = {isa = PBXFileReference; fileEncoding = 4; lastKnownFileType = sourcecode.c.objc; path = CustomerSelectedViewController.m; sourceTree = "<group>"; };
		CCCAD39C1B6FD42700161ACD /* MapKit.framework */ = {isa = PBXFileReference; lastKnownFileType = wrapper.framework; name = MapKit.framework; path = System/Library/Frameworks/MapKit.framework; sourceTree = SDKROOT; };
		CCCAD39E1B6FD64D00161ACD /* MapViewViewController.h */ = {isa = PBXFileReference; fileEncoding = 4; lastKnownFileType = sourcecode.c.h; name = MapViewViewController.h; path = ../MapViewViewController.h; sourceTree = "<group>"; };
		CCCAD39F1B6FD64D00161ACD /* MapViewViewController.m */ = {isa = PBXFileReference; fileEncoding = 4; lastKnownFileType = sourcecode.c.objc; name = MapViewViewController.m; path = ../MapViewViewController.m; sourceTree = "<group>"; };
		CCCAD3A41B6FF40600161ACD /* SettingsViewController.h */ = {isa = PBXFileReference; fileEncoding = 4; lastKnownFileType = sourcecode.c.h; path = SettingsViewController.h; sourceTree = "<group>"; };
		CCCAD3A51B6FF40600161ACD /* SettingsViewController.m */ = {isa = PBXFileReference; fileEncoding = 4; lastKnownFileType = sourcecode.c.objc; path = SettingsViewController.m; sourceTree = "<group>"; };
		CCCAD3A71B6FF42600161ACD /* SettingsDataSource.h */ = {isa = PBXFileReference; fileEncoding = 4; lastKnownFileType = sourcecode.c.h; path = SettingsDataSource.h; sourceTree = "<group>"; };
		CCCAD3A81B6FF42600161ACD /* SettingsDataSource.m */ = {isa = PBXFileReference; fileEncoding = 4; lastKnownFileType = sourcecode.c.objc; path = SettingsDataSource.m; sourceTree = "<group>"; };
		CCCAD3E61B703EF500161ACD /* CalendarViewController.h */ = {isa = PBXFileReference; fileEncoding = 4; lastKnownFileType = sourcecode.c.h; name = CalendarViewController.h; path = ../CalendarViewController.h; sourceTree = "<group>"; };
		CCCAD3E71B703EF500161ACD /* CalendarViewController.m */ = {isa = PBXFileReference; fileEncoding = 4; lastKnownFileType = sourcecode.c.objc; name = CalendarViewController.m; path = ../CalendarViewController.m; sourceTree = "<group>"; };
		CCCAD3E91B707E9400161ACD /* CoreLocation.framework */ = {isa = PBXFileReference; lastKnownFileType = wrapper.framework; name = CoreLocation.framework; path = System/Library/Frameworks/CoreLocation.framework; sourceTree = SDKROOT; };
		CCCAD3EE1B717F5100161ACD /* AddCustomerDataSource.h */ = {isa = PBXFileReference; fileEncoding = 4; lastKnownFileType = sourcecode.c.h; name = AddCustomerDataSource.h; path = ../AddCustomerDataSource.h; sourceTree = "<group>"; };
		CCCAD3EF1B717F5100161ACD /* AddCustomerDataSource.m */ = {isa = PBXFileReference; fileEncoding = 4; lastKnownFileType = sourcecode.c.objc; name = AddCustomerDataSource.m; path = ../AddCustomerDataSource.m; sourceTree = "<group>"; };
		CCCAD4301B7414AA00161ACD /* Parse.framework */ = {isa = PBXFileReference; lastKnownFileType = wrapper.framework; path = Parse.framework; sourceTree = "<group>"; };
		CCCAD4321B7414B700161ACD /* Bolts.framework */ = {isa = PBXFileReference; lastKnownFileType = wrapper.framework; path = Bolts.framework; sourceTree = "<group>"; };
		CCCAD4341B74152C00161ACD /* AudioToolbox.framework */ = {isa = PBXFileReference; lastKnownFileType = wrapper.framework; name = AudioToolbox.framework; path = System/Library/Frameworks/AudioToolbox.framework; sourceTree = SDKROOT; };
		CCCAD4361B74153300161ACD /* CFNetwork.framework */ = {isa = PBXFileReference; lastKnownFileType = wrapper.framework; name = CFNetwork.framework; path = System/Library/Frameworks/CFNetwork.framework; sourceTree = SDKROOT; };
		CCCAD4381B74153C00161ACD /* CoreGraphics.framework */ = {isa = PBXFileReference; lastKnownFileType = wrapper.framework; name = CoreGraphics.framework; path = System/Library/Frameworks/CoreGraphics.framework; sourceTree = SDKROOT; };
		CCCAD43A1B74155200161ACD /* QuartzCore.framework */ = {isa = PBXFileReference; lastKnownFileType = wrapper.framework; name = QuartzCore.framework; path = System/Library/Frameworks/QuartzCore.framework; sourceTree = SDKROOT; };
		CCCAD43C1B74155A00161ACD /* Security.framework */ = {isa = PBXFileReference; lastKnownFileType = wrapper.framework; name = Security.framework; path = System/Library/Frameworks/Security.framework; sourceTree = SDKROOT; };
		CCCAD43E1B74156600161ACD /* SystemConfiguration.framework */ = {isa = PBXFileReference; lastKnownFileType = wrapper.framework; name = SystemConfiguration.framework; path = System/Library/Frameworks/SystemConfiguration.framework; sourceTree = SDKROOT; };
		CCCAD4401B74157900161ACD /* libz.dylib */ = {isa = PBXFileReference; lastKnownFileType = "compiled.mach-o.dylib"; name = libz.dylib; path = usr/lib/libz.dylib; sourceTree = SDKROOT; };
		CCCAD4421B74158700161ACD /* libsqlite3.dylib */ = {isa = PBXFileReference; lastKnownFileType = "compiled.mach-o.dylib"; name = libsqlite3.dylib; path = usr/lib/libsqlite3.dylib; sourceTree = SDKROOT; };
		CCCAD4441B7415B800161ACD /* Accounts.framework */ = {isa = PBXFileReference; lastKnownFileType = wrapper.framework; name = Accounts.framework; path = System/Library/Frameworks/Accounts.framework; sourceTree = SDKROOT; };
		CCCAD4461B7415C200161ACD /* Social.framework */ = {isa = PBXFileReference; lastKnownFileType = wrapper.framework; name = Social.framework; path = System/Library/Frameworks/Social.framework; sourceTree = SDKROOT; };
		DC8685BE5B18D1312FCB3A6C /* libPods-RouteZ2.a */ = {isa = PBXFileReference; explicitFileType = archive.ar; includeInIndex = 0; path = "libPods-RouteZ2.a"; sourceTree = BUILT_PRODUCTS_DIR; };
/* End PBXFileReference section */

/* Begin PBXFrameworksBuildPhase section */
		CC636B3C1B6C800B00293C45 /* Frameworks */ = {
			isa = PBXFrameworksBuildPhase;
			buildActionMask = 2147483647;
			files = (
				CCCAD4471B7415C200161ACD /* Social.framework in Frameworks */,
				CCCAD4451B7415B800161ACD /* Accounts.framework in Frameworks */,
				CCCAD4431B74158700161ACD /* libsqlite3.dylib in Frameworks */,
				CCCAD4411B74157900161ACD /* libz.dylib in Frameworks */,
				CCCAD43F1B74156600161ACD /* SystemConfiguration.framework in Frameworks */,
				CCCAD43D1B74155A00161ACD /* Security.framework in Frameworks */,
				CCCAD43B1B74155200161ACD /* QuartzCore.framework in Frameworks */,
				CCCAD4391B74153C00161ACD /* CoreGraphics.framework in Frameworks */,
				CCCAD4371B74153300161ACD /* CFNetwork.framework in Frameworks */,
				CCCAD4351B74152C00161ACD /* AudioToolbox.framework in Frameworks */,
				CCCAD3EA1B707E9400161ACD /* CoreLocation.framework in Frameworks */,
				CCCAD4311B7414AA00161ACD /* Parse.framework in Frameworks */,
				CCCAD39D1B6FD42700161ACD /* MapKit.framework in Frameworks */,
				CCCAD4331B7414B700161ACD /* Bolts.framework in Frameworks */,
				DFB182A1128711E37CBD83A7 /* libPods-RouteZ2.a in Frameworks */,
			);
			runOnlyForDeploymentPostprocessing = 0;
		};
		CC636B581B6C800B00293C45 /* Frameworks */ = {
			isa = PBXFrameworksBuildPhase;
			buildActionMask = 2147483647;
			files = (
			);
			runOnlyForDeploymentPostprocessing = 0;
		};
/* End PBXFrameworksBuildPhase section */

/* Begin PBXGroup section */
		2693C083563F7498680D1261 /* Pods */ = {
			isa = PBXGroup;
			children = (
				577BCBC518DD995CF4F43714 /* Pods-RouteZ2.debug.xcconfig */,
				C458A4F93DC3890F15998225 /* Pods-RouteZ2.release.xcconfig */,
			);
			name = Pods;
			sourceTree = "<group>";
		};
		ACF6957EEF61378896371752 /* Frameworks */ = {
			isa = PBXGroup;
			children = (
				DC8685BE5B18D1312FCB3A6C /* libPods-RouteZ2.a */,
			);
			name = Frameworks;
			sourceTree = "<group>";
		};
		CC636B361B6C800B00293C45 = {
			isa = PBXGroup;
			children = (
				CC636B411B6C800B00293C45 /* RouteZ2 */,
				CC636B5E1B6C800B00293C45 /* RouteZ2Tests */,
				CC636B401B6C800B00293C45 /* Products */,
				2693C083563F7498680D1261 /* Pods */,
				ACF6957EEF61378896371752 /* Frameworks */,
			);
			sourceTree = "<group>";
		};
		CC636B401B6C800B00293C45 /* Products */ = {
			isa = PBXGroup;
			children = (
				CC636B3F1B6C800B00293C45 /* RouteZ2.app */,
				CC636B5B1B6C800B00293C45 /* RouteZ2Tests.xctest */,
			);
			name = Products;
			sourceTree = "<group>";
		};
		CC636B411B6C800B00293C45 /* RouteZ2 */ = {
			isa = PBXGroup;
			children = (
				CC636B4F1B6C800B00293C45 /* Main.storyboard */,
				CC636B461B6C800B00293C45 /* AppDelegate.h */,
				CC636B471B6C800B00293C45 /* AppDelegate.m */,
				CC636B6B1B6C87B500293C45 /* MainViewController.h */,
				CC636B6C1B6C87B500293C45 /* MainViewController.m */,
				CC636B4C1B6C800B00293C45 /* ViewController.h */,
				CC636B4D1B6C800B00293C45 /* ViewController.m */,
				CCC05DEF1B76640800973D78 /* LoginViewController.h */,
				CCC05DF01B76640800973D78 /* LoginViewController.m */,
				CCCAD3A41B6FF40600161ACD /* SettingsViewController.h */,
				CCCAD3A51B6FF40600161ACD /* SettingsViewController.m */,
				CCCAD3A71B6FF42600161ACD /* SettingsDataSource.h */,
				CCCAD3A81B6FF42600161ACD /* SettingsDataSource.m */,
				CCCAD39E1B6FD64D00161ACD /* MapViewViewController.h */,
				CCCAD39F1B6FD64D00161ACD /* MapViewViewController.m */,
				CCC05DF21B76708600973D78 /* AddAppointmentViewController.h */,
				CCC05DF31B76708600973D78 /* AddAppointmentViewController.m */,
				CCCAD3E61B703EF500161ACD /* CalendarViewController.h */,
				CCCAD3E71B703EF500161ACD /* CalendarViewController.m */,
				CCC05E231B76C1DD00973D78 /* CustomerView */,
				CCC05E1F1B76BBF400973D78 /* CustomerSelectedView */,
				CCC05E111B768A4300973D78 /* AddCustomerView */,
				CCC05E121B768A6B00973D78 /* TodaysRouteView */,
				CC636B521B6C800B00293C45 /* Images.xcassets */,
				CCC05DE41B74535900973D78 /* AppIcon.appiconset */,
				CC636B541B6C800B00293C45 /* LaunchScreen.xib */,
				CC636B491B6C800B00293C45 /* RouteZ2.xcdatamodeld */,
				CCCAD4481B74322E00161ACD /* FrameWorks */,
				CC636B421B6C800B00293C45 /* Supporting Files */,
			);
			path = RouteZ2;
			sourceTree = "<group>";
		};
		CC636B421B6C800B00293C45 /* Supporting Files */ = {
			isa = PBXGroup;
			children = (
				CC636B431B6C800B00293C45 /* Info.plist */,
				CC636B441B6C800B00293C45 /* main.m */,
			);
			name = "Supporting Files";
			sourceTree = "<group>";
		};
		CC636B5E1B6C800B00293C45 /* RouteZ2Tests */ = {
			isa = PBXGroup;
			children = (
				CC636B611B6C800B00293C45 /* RouteZ2Tests.m */,
				CC636B5F1B6C800B00293C45 /* Supporting Files */,
			);
			path = RouteZ2Tests;
			sourceTree = "<group>";
		};
		CC636B5F1B6C800B00293C45 /* Supporting Files */ = {
			isa = PBXGroup;
			children = (
				CC636B601B6C800B00293C45 /* Info.plist */,
			);
			name = "Supporting Files";
			sourceTree = "<group>";
		};
		CCC05E111B768A4300973D78 /* AddCustomerView */ = {
			isa = PBXGroup;
			children = (
				CCCAD35B1B6F1C8A00161ACD /* AddCustomerViewController.h */,
				CCCAD35C1B6F1C8A00161ACD /* AddCustomerViewController.m */,
				CCCAD3EE1B717F5100161ACD /* AddCustomerDataSource.h */,
				CCCAD3EF1B717F5100161ACD /* AddCustomerDataSource.m */,
				CCC05E161B76B30700973D78 /* AddCustomerTableViewCell.h */,
				CCC05E171B76B30700973D78 /* AddCustomerTableViewCell.m */,
				CCC05E201B76C17100973D78 /* AddAppointmentTableViewCell.h */,
				CCC05E211B76C17100973D78 /* AddAppointmentTableViewCell.m */,
				CCC05E2C1B76C50C00973D78 /* HistoryTableViewCell.h */,
				CCC05E2A1B76C50500973D78 /* HistoryTableViewCell.m */,
				CCC05E2D1B76C53100973D78 /* NextAppointmentTableViewCell.h */,
				CCC05E2E1B76C53100973D78 /* NextAppointmentTableViewCell.m */,
			);
			name = AddCustomerView;
			sourceTree = "<group>";
		};
		CCC05E121B768A6B00973D78 /* TodaysRouteView */ = {
			isa = PBXGroup;
			children = (
				CC8DF2361B6C977E00A90BD7 /* TodaysRouteViewController.h */,
				CC8DF2371B6C977E00A90BD7 /* TodaysRouteViewController.m */,
				CC8DF2391B6D01E500A90BD7 /* TodaysRouteDataSource.h */,
				CC8DF23A1B6D01E500A90BD7 /* TodaysRouteDataSource.m */,
				CC8DF2331B6C970800A90BD7 /* TodaysRouteCellTableViewCell.h */,
				CC8DF2341B6C970800A90BD7 /* TodaysRouteCellTableViewCell.m */,
			);
			name = TodaysRouteView;
			sourceTree = "<group>";
		};
		CCC05E1F1B76BBF400973D78 /* CustomerSelectedView */ = {
			isa = PBXGroup;
			children = (
				CCCAD35E1B6F1CC500161ACD /* CustomerSelectedViewController.h */,
				CCCAD35F1B6F1CC500161ACD /* CustomerSelectedViewController.m */,
				CCC05E191B76BBA500973D78 /* CustomerSelectedTableViewCell.h */,
				CCC05E1A1B76BBA500973D78 /* CustomerSelectedTableViewCell.m */,
				CCC05E1C1B76BBC400973D78 /* CustomerSelectedDataSource.h */,
				CCC05E1D1B76BBC400973D78 /* CustomerSelectedDataSource.m */,
			);
			name = CustomerSelectedView;
			sourceTree = "<group>";
		};
		CCC05E231B76C1DD00973D78 /* CustomerView */ = {
			isa = PBXGroup;
			children = (
				CC8DF23C1B6D101C00A90BD7 /* CustomerDataSource.h */,
				CC8DF23D1B6D101C00A90BD7 /* CustomerDataSource.m */,
				CC8DF23F1B6D103E00A90BD7 /* CustomerViewController.h */,
				CC8DF2401B6D103E00A90BD7 /* CustomerViewController.m */,
				CC8DF2421B6D106600A90BD7 /* CustomerTableViewCell.h */,
				CC8DF2431B6D106600A90BD7 /* CustomerTableViewCell.m */,
			);
			name = CustomerView;
			sourceTree = "<group>";
		};
		CCCAD4481B74322E00161ACD /* FrameWorks */ = {
			isa = PBXGroup;
			children = (
				CCCAD4461B7415C200161ACD /* Social.framework */,
				CCCAD4441B7415B800161ACD /* Accounts.framework */,
				CCCAD4401B74157900161ACD /* libz.dylib */,
				CCCAD4421B74158700161ACD /* libsqlite3.dylib */,
				CCCAD43E1B74156600161ACD /* SystemConfiguration.framework */,
				CCCAD43C1B74155A00161ACD /* Security.framework */,
				CCCAD43A1B74155200161ACD /* QuartzCore.framework */,
				CCCAD4381B74153C00161ACD /* CoreGraphics.framework */,
				CCCAD4361B74153300161ACD /* CFNetwork.framework */,
				CCCAD4341B74152C00161ACD /* AudioToolbox.framework */,
				CCCAD4321B7414B700161ACD /* Bolts.framework */,
				CCCAD4301B7414AA00161ACD /* Parse.framework */,
				CCCAD3E91B707E9400161ACD /* CoreLocation.framework */,
				CCCAD39C1B6FD42700161ACD /* MapKit.framework */,
			);
			name = FrameWorks;
			path = ..;
			sourceTree = "<group>";
		};
/* End PBXGroup section */

/* Begin PBXNativeTarget section */
		CC636B3E1B6C800B00293C45 /* RouteZ2 */ = {
			isa = PBXNativeTarget;
			buildConfigurationList = CC636B651B6C800B00293C45 /* Build configuration list for PBXNativeTarget "RouteZ2" */;
			buildPhases = (
				147B7B4FF2D81C102AB4C9DE /* Check Pods Manifest.lock */,
				CC636B3B1B6C800B00293C45 /* Sources */,
				CC636B3C1B6C800B00293C45 /* Frameworks */,
				CC636B3D1B6C800B00293C45 /* Resources */,
				CE187C6AA7DD7E9DD485F6BB /* Copy Pods Resources */,
			);
			buildRules = (
			);
			dependencies = (
			);
			name = RouteZ2;
			productName = RouteZ2;
			productReference = CC636B3F1B6C800B00293C45 /* RouteZ2.app */;
			productType = "com.apple.product-type.application";
		};
		CC636B5A1B6C800B00293C45 /* RouteZ2Tests */ = {
			isa = PBXNativeTarget;
			buildConfigurationList = CC636B681B6C800B00293C45 /* Build configuration list for PBXNativeTarget "RouteZ2Tests" */;
			buildPhases = (
				CC636B571B6C800B00293C45 /* Sources */,
				CC636B581B6C800B00293C45 /* Frameworks */,
				CC636B591B6C800B00293C45 /* Resources */,
			);
			buildRules = (
			);
			dependencies = (
				CC636B5D1B6C800B00293C45 /* PBXTargetDependency */,
			);
			name = RouteZ2Tests;
			productName = RouteZ2Tests;
			productReference = CC636B5B1B6C800B00293C45 /* RouteZ2Tests.xctest */;
			productType = "com.apple.product-type.bundle.unit-test";
		};
/* End PBXNativeTarget section */

/* Begin PBXProject section */
		CC636B371B6C800B00293C45 /* Project object */ = {
			isa = PBXProject;
			attributes = {
				LastUpgradeCheck = 0630;
				ORGANIZATIONNAME = "Sarah Henrie";
				TargetAttributes = {
					CC636B3E1B6C800B00293C45 = {
						CreatedOnToolsVersion = 6.3.2;
						DevelopmentTeam = X964Y3K5FG;
						SystemCapabilities = {
							com.apple.Maps.iOS = {
								enabled = 1;
							};
						};
					};
					CC636B5A1B6C800B00293C45 = {
						CreatedOnToolsVersion = 6.3.2;
						TestTargetID = CC636B3E1B6C800B00293C45;
					};
				};
			};
			buildConfigurationList = CC636B3A1B6C800B00293C45 /* Build configuration list for PBXProject "RouteZ2" */;
			compatibilityVersion = "Xcode 3.2";
			developmentRegion = English;
			hasScannedForEncodings = 0;
			knownRegions = (
				en,
				Base,
			);
			mainGroup = CC636B361B6C800B00293C45;
			productRefGroup = CC636B401B6C800B00293C45 /* Products */;
			projectDirPath = "";
			projectRoot = "";
			targets = (
				CC636B3E1B6C800B00293C45 /* RouteZ2 */,
				CC636B5A1B6C800B00293C45 /* RouteZ2Tests */,
			);
		};
/* End PBXProject section */

/* Begin PBXResourcesBuildPhase section */
		CC636B3D1B6C800B00293C45 /* Resources */ = {
			isa = PBXResourcesBuildPhase;
			buildActionMask = 2147483647;
			files = (
				CCC05DE51B74535900973D78 /* AppIcon.appiconset in Resources */,
				CC636B511B6C800B00293C45 /* Main.storyboard in Resources */,
				CC636B561B6C800B00293C45 /* LaunchScreen.xib in Resources */,
				CC636B531B6C800B00293C45 /* Images.xcassets in Resources */,
			);
			runOnlyForDeploymentPostprocessing = 0;
		};
		CC636B591B6C800B00293C45 /* Resources */ = {
			isa = PBXResourcesBuildPhase;
			buildActionMask = 2147483647;
			files = (
			);
			runOnlyForDeploymentPostprocessing = 0;
		};
/* End PBXResourcesBuildPhase section */

/* Begin PBXShellScriptBuildPhase section */
		147B7B4FF2D81C102AB4C9DE /* Check Pods Manifest.lock */ = {
			isa = PBXShellScriptBuildPhase;
			buildActionMask = 2147483647;
			files = (
			);
			inputPaths = (
			);
			name = "Check Pods Manifest.lock";
			outputPaths = (
			);
			runOnlyForDeploymentPostprocessing = 0;
			shellPath = /bin/sh;
			shellScript = "diff \"${PODS_ROOT}/../Podfile.lock\" \"${PODS_ROOT}/Manifest.lock\" > /dev/null\nif [[ $? != 0 ]] ; then\n    cat << EOM\nerror: The sandbox is not in sync with the Podfile.lock. Run 'pod install' or update your CocoaPods installation.\nEOM\n    exit 1\nfi\n";
			showEnvVarsInLog = 0;
		};
		CE187C6AA7DD7E9DD485F6BB /* Copy Pods Resources */ = {
			isa = PBXShellScriptBuildPhase;
			buildActionMask = 2147483647;
			files = (
			);
			inputPaths = (
			);
			name = "Copy Pods Resources";
			outputPaths = (
			);
			runOnlyForDeploymentPostprocessing = 0;
			shellPath = /bin/sh;
			shellScript = "\"${SRCROOT}/Pods/Target Support Files/Pods-RouteZ2/Pods-RouteZ2-resources.sh\"\n";
			showEnvVarsInLog = 0;
		};
/* End PBXShellScriptBuildPhase section */

/* Begin PBXSourcesBuildPhase section */
		CC636B3B1B6C800B00293C45 /* Sources */ = {
			isa = PBXSourcesBuildPhase;
			buildActionMask = 2147483647;
			files = (
				CCCAD3601B6F1CC500161ACD /* CustomerSelectedViewController.m in Sources */,
				CC8DF23E1B6D101C00A90BD7 /* CustomerDataSource.m in Sources */,
				CC8DF23B1B6D01E500A90BD7 /* TodaysRouteDataSource.m in Sources */,
				CCC05E1E1B76BBC400973D78 /* CustomerSelectedDataSource.m in Sources */,
				CCC05E181B76B30700973D78 /* AddCustomerTableViewCell.m in Sources */,
				CCC05E2B1B76C50500973D78 /* HistoryTableViewCell.m in Sources */,
				CCCAD3A61B6FF40600161ACD /* SettingsViewController.m in Sources */,
				CC636B481B6C800B00293C45 /* AppDelegate.m in Sources */,
				CCC05DF41B76708600973D78 /* AddAppointmentViewController.m in Sources */,
				CC8DF2351B6C970800A90BD7 /* TodaysRouteCellTableViewCell.m in Sources */,
				CC8DF2411B6D103E00A90BD7 /* CustomerViewController.m in Sources */,
				CC636B451B6C800B00293C45 /* main.m in Sources */,
				CC636B4E1B6C800B00293C45 /* ViewController.m in Sources */,
				CC636B6D1B6C87B500293C45 /* MainViewController.m in Sources */,
				CCCAD3E81B703EF500161ACD /* CalendarViewController.m in Sources */,
				CCCAD35D1B6F1C8A00161ACD /* AddCustomerViewController.m in Sources */,
				CCC05E1B1B76BBA500973D78 /* CustomerSelectedTableViewCell.m in Sources */,
				CCCAD3A01B6FD64D00161ACD /* MapViewViewController.m in Sources */,
				CC8DF2381B6C977E00A90BD7 /* TodaysRouteViewController.m in Sources */,
				CC636B4B1B6C800B00293C45 /* RouteZ2.xcdatamodeld in Sources */,
				CCC05E221B76C17100973D78 /* AddAppointmentTableViewCell.m in Sources */,
				CC8DF2441B6D106600A90BD7 /* CustomerTableViewCell.m in Sources */,
				CCCAD3F01B717F5100161ACD /* AddCustomerDataSource.m in Sources */,
				CCC05DF11B76640800973D78 /* LoginViewController.m in Sources */,
				CCC05E2F1B76C53100973D78 /* NextAppointmentTableViewCell.m in Sources */,
				CCCAD3A91B6FF42600161ACD /* SettingsDataSource.m in Sources */,
			);
			runOnlyForDeploymentPostprocessing = 0;
		};
		CC636B571B6C800B00293C45 /* Sources */ = {
			isa = PBXSourcesBuildPhase;
			buildActionMask = 2147483647;
			files = (
				CC636B621B6C800B00293C45 /* RouteZ2Tests.m in Sources */,
			);
			runOnlyForDeploymentPostprocessing = 0;
		};
/* End PBXSourcesBuildPhase section */

/* Begin PBXTargetDependency section */
		CC636B5D1B6C800B00293C45 /* PBXTargetDependency */ = {
			isa = PBXTargetDependency;
			target = CC636B3E1B6C800B00293C45 /* RouteZ2 */;
			targetProxy = CC636B5C1B6C800B00293C45 /* PBXContainerItemProxy */;
		};
/* End PBXTargetDependency section */

/* Begin PBXVariantGroup section */
		CC636B4F1B6C800B00293C45 /* Main.storyboard */ = {
			isa = PBXVariantGroup;
			children = (
				CC636B501B6C800B00293C45 /* Base */,
			);
			name = Main.storyboard;
			sourceTree = "<group>";
		};
		CC636B541B6C800B00293C45 /* LaunchScreen.xib */ = {
			isa = PBXVariantGroup;
			children = (
				CC636B551B6C800B00293C45 /* Base */,
			);
			name = LaunchScreen.xib;
			sourceTree = "<group>";
		};
/* End PBXVariantGroup section */

/* Begin XCBuildConfiguration section */
		CC636B631B6C800B00293C45 /* Debug */ = {
			isa = XCBuildConfiguration;
			buildSettings = {
				ALWAYS_SEARCH_USER_PATHS = NO;
				CLANG_CXX_LANGUAGE_STANDARD = "gnu++0x";
				CLANG_CXX_LIBRARY = "libc++";
				CLANG_ENABLE_MODULES = YES;
				CLANG_ENABLE_OBJC_ARC = YES;
				CLANG_WARN_BOOL_CONVERSION = YES;
				CLANG_WARN_CONSTANT_CONVERSION = YES;
				CLANG_WARN_DIRECT_OBJC_ISA_USAGE = YES_ERROR;
				CLANG_WARN_EMPTY_BODY = YES;
				CLANG_WARN_ENUM_CONVERSION = YES;
				CLANG_WARN_INT_CONVERSION = YES;
				CLANG_WARN_OBJC_ROOT_CLASS = YES_ERROR;
				CLANG_WARN_UNREACHABLE_CODE = YES;
				CLANG_WARN__DUPLICATE_METHOD_MATCH = YES;
				"CODE_SIGN_IDENTITY[sdk=iphoneos*]" = "iPhone Developer";
				COPY_PHASE_STRIP = NO;
				DEBUG_INFORMATION_FORMAT = "dwarf-with-dsym";
				ENABLE_STRICT_OBJC_MSGSEND = YES;
				GCC_C_LANGUAGE_STANDARD = gnu99;
				GCC_DYNAMIC_NO_PIC = NO;
				GCC_NO_COMMON_BLOCKS = YES;
				GCC_OPTIMIZATION_LEVEL = 0;
				GCC_PREPROCESSOR_DEFINITIONS = (
					"DEBUG=1",
					"$(inherited)",
				);
				GCC_SYMBOLS_PRIVATE_EXTERN = NO;
				GCC_WARN_64_TO_32_BIT_CONVERSION = YES;
				GCC_WARN_ABOUT_RETURN_TYPE = YES_ERROR;
				GCC_WARN_UNDECLARED_SELECTOR = YES;
				GCC_WARN_UNINITIALIZED_AUTOS = YES_AGGRESSIVE;
				GCC_WARN_UNUSED_FUNCTION = YES;
				GCC_WARN_UNUSED_VARIABLE = YES;
				IPHONEOS_DEPLOYMENT_TARGET = 8.3;
				MTL_ENABLE_DEBUG_INFO = YES;
				ONLY_ACTIVE_ARCH = YES;
				SDKROOT = iphoneos;
			};
			name = Debug;
		};
		CC636B641B6C800B00293C45 /* Release */ = {
			isa = XCBuildConfiguration;
			buildSettings = {
				ALWAYS_SEARCH_USER_PATHS = NO;
				CLANG_CXX_LANGUAGE_STANDARD = "gnu++0x";
				CLANG_CXX_LIBRARY = "libc++";
				CLANG_ENABLE_MODULES = YES;
				CLANG_ENABLE_OBJC_ARC = YES;
				CLANG_WARN_BOOL_CONVERSION = YES;
				CLANG_WARN_CONSTANT_CONVERSION = YES;
				CLANG_WARN_DIRECT_OBJC_ISA_USAGE = YES_ERROR;
				CLANG_WARN_EMPTY_BODY = YES;
				CLANG_WARN_ENUM_CONVERSION = YES;
				CLANG_WARN_INT_CONVERSION = YES;
				CLANG_WARN_OBJC_ROOT_CLASS = YES_ERROR;
				CLANG_WARN_UNREACHABLE_CODE = YES;
				CLANG_WARN__DUPLICATE_METHOD_MATCH = YES;
				"CODE_SIGN_IDENTITY[sdk=iphoneos*]" = "iPhone Developer";
				COPY_PHASE_STRIP = NO;
				DEBUG_INFORMATION_FORMAT = "dwarf-with-dsym";
				ENABLE_NS_ASSERTIONS = NO;
				ENABLE_STRICT_OBJC_MSGSEND = YES;
				GCC_C_LANGUAGE_STANDARD = gnu99;
				GCC_NO_COMMON_BLOCKS = YES;
				GCC_WARN_64_TO_32_BIT_CONVERSION = YES;
				GCC_WARN_ABOUT_RETURN_TYPE = YES_ERROR;
				GCC_WARN_UNDECLARED_SELECTOR = YES;
				GCC_WARN_UNINITIALIZED_AUTOS = YES_AGGRESSIVE;
				GCC_WARN_UNUSED_FUNCTION = YES;
				GCC_WARN_UNUSED_VARIABLE = YES;
				IPHONEOS_DEPLOYMENT_TARGET = 8.3;
				MTL_ENABLE_DEBUG_INFO = NO;
				SDKROOT = iphoneos;
				VALIDATE_PRODUCT = YES;
			};
			name = Release;
		};
		CC636B661B6C800B00293C45 /* Debug */ = {
			isa = XCBuildConfiguration;
			baseConfigurationReference = 577BCBC518DD995CF4F43714 /* Pods-RouteZ2.debug.xcconfig */;
			buildSettings = {
				ASSETCATALOG_COMPILER_APPICON_NAME = AppIcon;
				CODE_SIGN_IDENTITY = "iPhone Developer";
				FRAMEWORK_SEARCH_PATHS = (
					"$(inherited)",
					"$(PROJECT_DIR)",
				);
				INFOPLIST_FILE = RouteZ2/Info.plist;
				IPHONEOS_DEPLOYMENT_TARGET = 8.0;
				LD_RUNPATH_SEARCH_PATHS = "$(inherited) @executable_path/Frameworks";
				PRODUCT_NAME = "$(TARGET_NAME)";
				TARGETED_DEVICE_FAMILY = "1,2";
			};
			name = Debug;
		};
		CC636B671B6C800B00293C45 /* Release */ = {
			isa = XCBuildConfiguration;
			baseConfigurationReference = C458A4F93DC3890F15998225 /* Pods-RouteZ2.release.xcconfig */;
			buildSettings = {
				ASSETCATALOG_COMPILER_APPICON_NAME = AppIcon;
				CODE_SIGN_IDENTITY = "iPhone Developer";
				FRAMEWORK_SEARCH_PATHS = (
					"$(inherited)",
					"$(PROJECT_DIR)",
				);
				INFOPLIST_FILE = RouteZ2/Info.plist;
				IPHONEOS_DEPLOYMENT_TARGET = 8.0;
				LD_RUNPATH_SEARCH_PATHS = "$(inherited) @executable_path/Frameworks";
				PRODUCT_NAME = "$(TARGET_NAME)";
				TARGETED_DEVICE_FAMILY = "1,2";
			};
			name = Release;
		};
		CC636B691B6C800B00293C45 /* Debug */ = {
			isa = XCBuildConfiguration;
			buildSettings = {
				BUNDLE_LOADER = "$(TEST_HOST)";
				FRAMEWORK_SEARCH_PATHS = (
					"$(SDKROOT)/Developer/Library/Frameworks",
					"$(inherited)",
				);
				GCC_PREPROCESSOR_DEFINITIONS = (
					"DEBUG=1",
					"$(inherited)",
				);
				INFOPLIST_FILE = RouteZ2Tests/Info.plist;
				LD_RUNPATH_SEARCH_PATHS = "$(inherited) @executable_path/Frameworks @loader_path/Frameworks";
				PRODUCT_NAME = "$(TARGET_NAME)";
				TEST_HOST = "$(BUILT_PRODUCTS_DIR)/RouteZ2.app/RouteZ2";
			};
			name = Debug;
		};
		CC636B6A1B6C800B00293C45 /* Release */ = {
			isa = XCBuildConfiguration;
			buildSettings = {
				BUNDLE_LOADER = "$(TEST_HOST)";
				FRAMEWORK_SEARCH_PATHS = (
					"$(SDKROOT)/Developer/Library/Frameworks",
					"$(inherited)",
				);
				INFOPLIST_FILE = RouteZ2Tests/Info.plist;
				LD_RUNPATH_SEARCH_PATHS = "$(inherited) @executable_path/Frameworks @loader_path/Frameworks";
				PRODUCT_NAME = "$(TARGET_NAME)";
				TEST_HOST = "$(BUILT_PRODUCTS_DIR)/RouteZ2.app/RouteZ2";
			};
			name = Release;
		};
/* End XCBuildConfiguration section */

/* Begin XCConfigurationList section */
		CC636B3A1B6C800B00293C45 /* Build configuration list for PBXProject "RouteZ2" */ = {
			isa = XCConfigurationList;
			buildConfigurations = (
				CC636B631B6C800B00293C45 /* Debug */,
				CC636B641B6C800B00293C45 /* Release */,
			);
			defaultConfigurationIsVisible = 0;
			defaultConfigurationName = Release;
		};
		CC636B651B6C800B00293C45 /* Build configuration list for PBXNativeTarget "RouteZ2" */ = {
			isa = XCConfigurationList;
			buildConfigurations = (
				CC636B661B6C800B00293C45 /* Debug */,
				CC636B671B6C800B00293C45 /* Release */,
			);
			defaultConfigurationIsVisible = 0;
			defaultConfigurationName = Release;
		};
		CC636B681B6C800B00293C45 /* Build configuration list for PBXNativeTarget "RouteZ2Tests" */ = {
			isa = XCConfigurationList;
			buildConfigurations = (
				CC636B691B6C800B00293C45 /* Debug */,
				CC636B6A1B6C800B00293C45 /* Release */,
			);
			defaultConfigurationIsVisible = 0;
			defaultConfigurationName = Release;
		};
/* End XCConfigurationList section */

/* Begin XCVersionGroup section */
		CC636B491B6C800B00293C45 /* RouteZ2.xcdatamodeld */ = {
			isa = XCVersionGroup;
			children = (
				CC636B4A1B6C800B00293C45 /* RouteZ2.xcdatamodel */,
			);
			currentVersion = CC636B4A1B6C800B00293C45 /* RouteZ2.xcdatamodel */;
			path = RouteZ2.xcdatamodeld;
			sourceTree = "<group>";
			versionGroupType = wrapper.xcdatamodel;
		};
/* End XCVersionGroup section */
	};
	rootObject = CC636B371B6C800B00293C45 /* Project object */;
}
